
Microsoft Visual Studio Solution File, Format Version 12.00
Project("{FAE04EC0-301F-11D3-BF4B-00C04F79EFBC}") = "PasswordManager.Web", "PasswordManager.Web\PasswordManager.Web.csproj", "{7B2EC4FC-3A66-4553-A53F-5FEB1A43FF58}"
EndProject
Project("{FAE04EC0-301F-11D3-BF4B-00C04F79EFBC}") = "PasswordManager.Database", "PasswordManager.Database\PasswordManager.Database\PasswordManager.Database.csproj", "{74A527A9-C91D-41BA-9B69-5E7A233479D0}"
EndProject
Global
	GlobalSection(SolutionConfigurationPlatforms) = preSolution
		Debug|Any CPU = Debug|Any CPU
		Release|Any CPU = Release|Any CPU
	EndGlobalSection
	GlobalSection(ProjectConfigurationPlatforms) = postSolution
		{7B2EC4FC-3A66-4553-A53F-5FEB1A43FF58}.Debug|Any CPU.ActiveCfg = Debug|Any CPU
		{7B2EC4FC-3A66-4553-A53F-5FEB1A43FF58}.Debug|Any CPU.Build.0 = Debug|Any CPU
		{7B2EC4FC-3A66-4553-A53F-5FEB1A43FF58}.Release|Any CPU.ActiveCfg = Release|Any CPU
		{7B2EC4FC-3A66-4553-A53F-5FEB1A43FF58}.Release|Any CPU.Build.0 = Release|Any CPU
		{74A527A9-C91D-41BA-9B69-5E7A233479D0}.Debug|Any CPU.ActiveCfg = Debug|Any CPU
		{74A527A9-C91D-41BA-9B69-5E7A233479D0}.Debug|Any CPU.Build.0 = Debug|Any CPU
		{74A527A9-C91D-41BA-9B69-5E7A233479D0}.Release|Any CPU.ActiveCfg = Release|Any CPU
		{74A527A9-C91D-41BA-9B69-5E7A233479D0}.Release|Any CPU.Build.0 = Release|Any CPU
	EndGlobalSection
EndGlobal
